
Microsoft Visual Studio Solution File, Format Version 12.00
# Visual Studio Version 17
VisualStudioVersion = 17.3.32929.385
MinimumVisualStudioVersion = 10.0.40219.1
Project("{FAE04EC0-301F-11D3-BF4B-00C04F79EFBC}") = "BethanysPieShop", "BethanysPieShop.csproj", "{4D501C8E-9F72-4BBA-A1B2-FB2072FBF079}"
EndProject
Global
	GlobalSection(SolutionConfigurationPlatforms) = preSolution
		Debug|Any CPU = Debug|Any CPU
		Release|Any CPU = Release|Any CPU
	EndGlobalSection
	GlobalSection(ProjectConfigurationPlatforms) = postSolution
		{4D501C8E-9F72-4BBA-A1B2-FB2072FBF079}.Debug|Any CPU.ActiveCfg = Debug|Any CPU
		{4D501C8E-9F72-4BBA-A1B2-FB2072FBF079}.Debug|Any CPU.Build.0 = Debug|Any CPU
		{4D501C8E-9F72-4BBA-A1B2-FB2072FBF079}.Release|Any CPU.ActiveCfg = Release|Any CPU
		{4D501C8E-9F72-4BBA-A1B2-FB2072FBF079}.Release|Any CPU.Build.0 = Release|Any CPU
	EndGlobalSection
	GlobalSection(SolutionProperties) = preSolution
		HideSolutionNode = FALSE
	EndGlobalSection
	GlobalSection(ExtensibilityGlobals) = postSolution
		SolutionGuid = {FCC89E55-7417-41EB-89A3-76B76575B1A3}
	EndGlobalSection
EndGlobal
